// !$*UTF8*$!
{
	archiveVersion = 1;
	classes = {
	};
	objectVersion = 77;
	objects = {

/* Begin PBXBuildFile section */
		4363E8D92F128B0400EF1C18 /* Down in Frameworks */ = {isa = PBXBuildFile; productRef = 4363E8D82F128B0400EF1C18 /* Down */; };
		4363E8DC2F128B1600EF1C18 /* Yams in Frameworks */ = {isa = PBXBuildFile; productRef = 4363E8DB2F128B1600EF1C18 /* Yams */; };
		4363E8DF2F128B2700EF1C18 /* SwiftSoup in Frameworks */ = {isa = PBXBuildFile; productRef = 4363E8DE2F128B2700EF1C18 /* SwiftSoup */; };
		4363E9702F13090D00EF1C18 /* Down in Frameworks */ = {isa = PBXBuildFile; productRef = 4363E96F2F13090D00EF1C18 /* Down */; };
		4363E9722F13090D00EF1C18 /* Yams in Frameworks */ = {isa = PBXBuildFile; productRef = 4363E9712F13090D00EF1C18 /* Yams */; };
		4363E9742F13090D00EF1C18 /* SwiftSoup in Frameworks */ = {isa = PBXBuildFile; productRef = 4363E9732F13090D00EF1C18 /* SwiftSoup */; };
/* End PBXBuildFile section */

/* Begin PBXCopyFilesBuildPhase section */
		4363E94E2F13089500EF1C18 /* CopyFiles */ = {
			isa = PBXCopyFilesBuildPhase;
			buildActionMask = 2147483647;
			dstPath = /usr/share/man/man1/;
			dstSubfolderSpec = 0;
			files = (
			);
			runOnlyForDeploymentPostprocessing = 1;
		};
/* End PBXCopyFilesBuildPhase section */

/* Begin PBXFileReference section */
		4363E8512F128AA200EF1C18 /* HelpBooks.app */ = {isa = PBXFileReference; explicitFileType = wrapper.application; includeInIndex = 0; path = HelpBooks.app; sourceTree = BUILT_PRODUCTS_DIR; };
		4363E9502F13089500EF1C18 /* helpbooks */ = {isa = PBXFileReference; explicitFileType = "compiled.mach-o.executable"; includeInIndex = 0; path = helpbooks; sourceTree = BUILT_PRODUCTS_DIR; };
/* End PBXFileReference section */

/* Begin PBXFileSystemSynchronizedBuildFileExceptionSet section */
		4363E9612F1308CB00EF1C18 /* Exceptions for "HelpBooks" folder in "HelpBooksCLI" target */ = {
			isa = PBXFileSystemSynchronizedBuildFileExceptionSet;
			membershipExceptions = (
				Models/AssetReference.swift,
				Models/FileTreeNode.swift,
				Models/FrontMatter.swift,
				Models/HelpBookMetadata.swift,
				Models/HelpProject.swift,
				Models/MarkdownDocument.swift,
				Services/FileSystem/FileImporter.swift,
				Services/HelpBookGenerator/AssetCopier.swift,
				Services/HelpBookGenerator/BreadcrumbGenerator.swift,
				Services/HelpBookGenerator/BundleBuilder.swift,
				Services/HelpBookGenerator/FrameGenerator.swift,
				Services/HelpBookGenerator/HelpBookBuilder.swift,
				Services/HelpBookGenerator/HTMLGenerator.swift,
				Services/HelpBookGenerator/InfoPlistGenerator.swift,
				Services/HelpBookGenerator/SearchIndexer.swift,
				Services/HelpBookGenerator/SectionIndexGenerator.swift,
				Services/HelpBookGenerator/SidebarGenerator.swift,
				Services/HelpBookGenerator/ThemeManager.swift,
				Services/HelpBookGenerator/TOCGenerator.swift,
				Services/HelpBookGenerator/WelcomePageGenerator.swift,
				Services/MarkdownProcessor/AssetPathRewriter.swift,
				Services/MarkdownProcessor/FrontMatterParser.swift,
				Services/MarkdownProcessor/MarkdownParser.swift,
				Services/MarkdownProcessor/ShortcodeProcessor.swift,
			);
			target = 4363E94F2F13089500EF1C18 /* HelpBooksCLI */;
		};
/* End PBXFileSystemSynchronizedBuildFileExceptionSet section */

/* Begin PBXFileSystemSynchronizedRootGroup section */
		4363E8532F128AA200EF1C18 /* HelpBooks */ = {
			isa = PBXFileSystemSynchronizedRootGroup;
			exceptions = (
				4363E9612F1308CB00EF1C18 /* Exceptions for "HelpBooks" folder in "HelpBooksCLI" target */,
			);
			path = HelpBooks;
			sourceTree = "<group>";
		};
		4363E9512F13089500EF1C18 /* HelpBooksCLI */ = {
			isa = PBXFileSystemSynchronizedRootGroup;
			path = HelpBooksCLI;
			sourceTree = "<group>";
		};
/* End PBXFileSystemSynchronizedRootGroup section */

/* Begin PBXFrameworksBuildPhase section */
		4363E84E2F128AA200EF1C18 /* Frameworks */ = {
			isa = PBXFrameworksBuildPhase;
			buildActionMask = 2147483647;
			files = (
				4363E8DC2F128B1600EF1C18 /* Yams in Frameworks */,
				4363E8D92F128B0400EF1C18 /* Down in Frameworks */,
				4363E8DF2F128B2700EF1C18 /* SwiftSoup in Frameworks */,
			);
			runOnlyForDeploymentPostprocessing = 0;
		};
		4363E94D2F13089500EF1C18 /* Frameworks */ = {
			isa = PBXFrameworksBuildPhase;
			buildActionMask = 2147483647;
			files = (
				4363E9722F13090D00EF1C18 /* Yams in Frameworks */,
				4363E9702F13090D00EF1C18 /* Down in Frameworks */,
				4363E9742F13090D00EF1C18 /* SwiftSoup in Frameworks */,
			);
			runOnlyForDeploymentPostprocessing = 0;
		};
/* End PBXFrameworksBuildPhase section */

/* Begin PBXGroup section */
		4363E8482F128AA200EF1C18 = {
			isa = PBXGroup;
			children = (
				4363E8532F128AA200EF1C18 /* HelpBooks */,
				4363E9512F13089500EF1C18 /* HelpBooksCLI */,
				4363E96E2F13090D00EF1C18 /* Frameworks */,
				4363E8522F128AA200EF1C18 /* Products */,
			);
			sourceTree = "<group>";
		};
		4363E8522F128AA200EF1C18 /* Products */ = {
			isa = PBXGroup;
			children = (
				4363E8512F128AA200EF1C18 /* HelpBooks.app */,
				4363E9502F13089500EF1C18 /* helpbooks */,
			);
			name = Products;
			sourceTree = "<group>";
		};
		4363E96E2F13090D00EF1C18 /* Frameworks */ = {
			isa = PBXGroup;
			children = (
			);
			name = Frameworks;
			sourceTree = "<group>";
		};
/* End PBXGroup section */

/* Begin PBXNativeTarget section */
		4363E8502F128AA200EF1C18 /* HelpBooks */ = {
			isa = PBXNativeTarget;
			buildConfigurationList = 4363E85C2F128AA300EF1C18 /* Build configuration list for PBXNativeTarget "HelpBooks" */;
			buildPhases = (
				4363E84D2F128AA200EF1C18 /* Sources */,
				4363E84E2F128AA200EF1C18 /* Frameworks */,
				4363E84F2F128AA200EF1C18 /* Resources */,
			);
			buildRules = (
			);
			dependencies = (
			);
			fileSystemSynchronizedGroups = (
				4363E8532F128AA200EF1C18 /* HelpBooks */,
			);
			name = HelpBooks;
			packageProductDependencies = (
				4363E8D82F128B0400EF1C18 /* Down */,
				4363E8DB2F128B1600EF1C18 /* Yams */,
				4363E8DE2F128B2700EF1C18 /* SwiftSoup */,
			);
			productName = HelpBooks;
			productReference = 4363E8512F128AA200EF1C18 /* HelpBooks.app */;
			productType = "com.apple.product-type.application";
		};
		4363E94F2F13089500EF1C18 /* HelpBooksCLI */ = {
			isa = PBXNativeTarget;
			buildConfigurationList = 4363E9542F13089500EF1C18 /* Build configuration list for PBXNativeTarget "HelpBooksCLI" */;
			buildPhases = (
				4363E94C2F13089500EF1C18 /* Sources */,
				4363E94D2F13089500EF1C18 /* Frameworks */,
				4363E94E2F13089500EF1C18 /* CopyFiles */,
			);
			buildRules = (
			);
			dependencies = (
			);
			fileSystemSynchronizedGroups = (
				4363E9512F13089500EF1C18 /* HelpBooksCLI */,
			);
			name = HelpBooksCLI;
			packageProductDependencies = (
				4363E96F2F13090D00EF1C18 /* Down */,
				4363E9712F13090D00EF1C18 /* Yams */,
				4363E9732F13090D00EF1C18 /* SwiftSoup */,
			);
			productName = HelpBooksCLI;
			productReference = 4363E9502F13089500EF1C18 /* helpbooks */;
			productType = "com.apple.product-type.tool";
		};
/* End PBXNativeTarget section */

/* Begin PBXProject section */
		4363E8492F128AA200EF1C18 /* Project object */ = {
			isa = PBXProject;
			attributes = {
				BuildIndependentTargetsInParallel = 1;
				LastSwiftUpdateCheck = 2620;
				LastUpgradeCheck = 2620;
				TargetAttributes = {
					4363E8502F128AA200EF1C18 = {
						CreatedOnToolsVersion = 26.2;
					};
					4363E94F2F13089500EF1C18 = {
						CreatedOnToolsVersion = 26.2;
					};
				};
			};
			buildConfigurationList = 4363E84C2F128AA200EF1C18 /* Build configuration list for PBXProject "HelpBooks" */;
			developmentRegion = en;
			hasScannedForEncodings = 0;
			knownRegions = (
				en,
				Base,
			);
			mainGroup = 4363E8482F128AA200EF1C18;
			minimizedProjectReferenceProxies = 1;
			packageReferences = (
				4363E8D72F128B0400EF1C18 /* XCRemoteSwiftPackageReference "Down" */,
				4363E8DA2F128B1600EF1C18 /* XCRemoteSwiftPackageReference "Yams" */,
				4363E8DD2F128B2700EF1C18 /* XCRemoteSwiftPackageReference "SwiftSoup" */,
			);
			preferredProjectObjectVersion = 77;
			productRefGroup = 4363E8522F128AA200EF1C18 /* Products */;
			projectDirPath = "";
			projectRoot = "";
			targets = (
				4363E8502F128AA200EF1C18 /* HelpBooks */,
				4363E94F2F13089500EF1C18 /* HelpBooksCLI */,
			);
		};
/* End PBXProject section */

/* Begin PBXResourcesBuildPhase section */
		4363E84F2F128AA200EF1C18 /* Resources */ = {
			isa = PBXResourcesBuildPhase;
			buildActionMask = 2147483647;
			files = (
			);
			runOnlyForDeploymentPostprocessing = 0;
		};
/* End PBXResourcesBuildPhase section */

/* Begin PBXSourcesBuildPhase section */
		4363E84D2F128AA200EF1C18 /* Sources */ = {
			isa = PBXSourcesBuildPhase;
			buildActionMask = 2147483647;
			files = (
			);
			runOnlyForDeploymentPostprocessing = 0;
		};
		4363E94C2F13089500EF1C18 /* Sources */ = {
			isa = PBXSourcesBuildPhase;
			buildActionMask = 2147483647;
			files = (
			);
			runOnlyForDeploymentPostprocessing = 0;
		};
/* End PBXSourcesBuildPhase section */

/* Begin XCBuildConfiguration section */
		4363E85A2F128AA300EF1C18 /* Debug */ = {
			isa = XCBuildConfiguration;
			buildSettings = {
				ALWAYS_SEARCH_USER_PATHS = NO;
				ASSETCATALOG_COMPILER_GENERATE_SWIFT_ASSET_SYMBOL_EXTENSIONS = YES;
				CLANG_ANALYZER_NONNULL = YES;
				CLANG_ANALYZER_NUMBER_OBJECT_CONVERSION = YES_AGGRESSIVE;
				CLANG_CXX_LANGUAGE_STANDARD = "gnu++20";
				CLANG_ENABLE_MODULES = YES;
				CLANG_ENABLE_OBJC_ARC = YES;
				CLANG_ENABLE_OBJC_WEAK = YES;
				CLANG_WARN_BLOCK_CAPTURE_AUTORELEASING = YES;
				CLANG_WARN_BOOL_CONVERSION = YES;
				CLANG_WARN_COMMA = YES;
				CLANG_WARN_CONSTANT_CONVERSION = YES;
				CLANG_WARN_DEPRECATED_OBJC_IMPLEMENTATIONS = YES;
				CLANG_WARN_DIRECT_OBJC_ISA_USAGE = YES_ERROR;
				CLANG_WARN_DOCUMENTATION_COMMENTS = YES;
				CLANG_WARN_EMPTY_BODY = YES;
				CLANG_WARN_ENUM_CONVERSION = YES;
				CLANG_WARN_INFINITE_RECURSION = YES;
				CLANG_WARN_INT_CONVERSION = YES;
				CLANG_WARN_NON_LITERAL_NULL_CONVERSION = YES;
				CLANG_WARN_OBJC_IMPLICIT_RETAIN_SELF = YES;
				CLANG_WARN_OBJC_LITERAL_CONVERSION = YES;
				CLANG_WARN_OBJC_ROOT_CLASS = YES_ERROR;
				CLANG_WARN_QUOTED_INCLUDE_IN_FRAMEWORK_HEADER = YES;
				CLANG_WARN_RANGE_LOOP_ANALYSIS = YES;
				CLANG_WARN_STRICT_PROTOTYPES = YES;
				CLANG_WARN_SUSPICIOUS_MOVE = YES;
				CLANG_WARN_UNGUARDED_AVAILABILITY = YES_AGGRESSIVE;
				CLANG_WARN_UNREACHABLE_CODE = YES;
				CLANG_WARN__DUPLICATE_METHOD_MATCH = YES;
				COPY_PHASE_STRIP = NO;
				DEBUG_INFORMATION_FORMAT = dwarf;
				DEVELOPMENT_TEAM = 6ZSJ45TPYC;
				ENABLE_STRICT_OBJC_MSGSEND = YES;
				ENABLE_TESTABILITY = YES;
				ENABLE_USER_SCRIPT_SANDBOXING = YES;
				GCC_C_LANGUAGE_STANDARD = gnu17;
				GCC_DYNAMIC_NO_PIC = NO;
				GCC_NO_COMMON_BLOCKS = YES;
				GCC_OPTIMIZATION_LEVEL = 0;
				GCC_PREPROCESSOR_DEFINITIONS = (
					"DEBUG=1",
					"$(inherited)",
				);
				GCC_WARN_64_TO_32_BIT_CONVERSION = YES;
				GCC_WARN_ABOUT_RETURN_TYPE = YES_ERROR;
				GCC_WARN_UNDECLARED_SELECTOR = YES;
				GCC_WARN_UNINITIALIZED_AUTOS = YES_AGGRESSIVE;
				GCC_WARN_UNUSED_FUNCTION = YES;
				GCC_WARN_UNUSED_VARIABLE = YES;
				LOCALIZATION_PREFERS_STRING_CATALOGS = YES;
				MACOSX_DEPLOYMENT_TARGET = 26.2;
				MTL_ENABLE_DEBUG_INFO = INCLUDE_SOURCE;
				MTL_FAST_MATH = YES;
				ONLY_ACTIVE_ARCH = YES;
				SDKROOT = macosx;
				SWIFT_ACTIVE_COMPILATION_CONDITIONS = "DEBUG $(inherited)";
				SWIFT_OPTIMIZATION_LEVEL = "-Onone";
			};
			name = Debug;
		};
		4363E85B2F128AA300EF1C18 /* Release */ = {
			isa = XCBuildConfiguration;
			buildSettings = {
				ALWAYS_SEARCH_USER_PATHS = NO;
				ASSETCATALOG_COMPILER_GENERATE_SWIFT_ASSET_SYMBOL_EXTENSIONS = YES;
				CLANG_ANALYZER_NONNULL = YES;
				CLANG_ANALYZER_NUMBER_OBJECT_CONVERSION = YES_AGGRESSIVE;
				CLANG_CXX_LANGUAGE_STANDARD = "gnu++20";
				CLANG_ENABLE_MODULES = YES;
				CLANG_ENABLE_OBJC_ARC = YES;
				CLANG_ENABLE_OBJC_WEAK = YES;
				CLANG_WARN_BLOCK_CAPTURE_AUTORELEASING = YES;
				CLANG_WARN_BOOL_CONVERSION = YES;
				CLANG_WARN_COMMA = YES;
				CLANG_WARN_CONSTANT_CONVERSION = YES;
				CLANG_WARN_DEPRECATED_OBJC_IMPLEMENTATIONS = YES;
				CLANG_WARN_DIRECT_OBJC_ISA_USAGE = YES_ERROR;
				CLANG_WARN_DOCUMENTATION_COMMENTS = YES;
				CLANG_WARN_EMPTY_BODY = YES;
				CLANG_WARN_ENUM_CONVERSION = YES;
				CLANG_WARN_INFINITE_RECURSION = YES;
				CLANG_WARN_INT_CONVERSION = YES;
				CLANG_WARN_NON_LITERAL_NULL_CONVERSION = YES;
				CLANG_WARN_OBJC_IMPLICIT_RETAIN_SELF = YES;
				CLANG_WARN_OBJC_LITERAL_CONVERSION = YES;
				CLANG_WARN_OBJC_ROOT_CLASS = YES_ERROR;
				CLANG_WARN_QUOTED_INCLUDE_IN_FRAMEWORK_HEADER = YES;
				CLANG_WARN_RANGE_LOOP_ANALYSIS = YES;
				CLANG_WARN_STRICT_PROTOTYPES = YES;
				CLANG_WARN_SUSPICIOUS_MOVE = YES;
				CLANG_WARN_UNGUARDED_AVAILABILITY = YES_AGGRESSIVE;
				CLANG_WARN_UNREACHABLE_CODE = YES;
				CLANG_WARN__DUPLICATE_METHOD_MATCH = YES;
				COPY_PHASE_STRIP = NO;
				DEBUG_INFORMATION_FORMAT = "dwarf-with-dsym";
				DEVELOPMENT_TEAM = 6ZSJ45TPYC;
				ENABLE_NS_ASSERTIONS = NO;
				ENABLE_STRICT_OBJC_MSGSEND = YES;
				ENABLE_USER_SCRIPT_SANDBOXING = YES;
				GCC_C_LANGUAGE_STANDARD = gnu17;
				GCC_NO_COMMON_BLOCKS = YES;
				GCC_WARN_64_TO_32_BIT_CONVERSION = YES;
				GCC_WARN_ABOUT_RETURN_TYPE = YES_ERROR;
				GCC_WARN_UNDECLARED_SELECTOR = YES;
				GCC_WARN_UNINITIALIZED_AUTOS = YES_AGGRESSIVE;
				GCC_WARN_UNUSED_FUNCTION = YES;
				GCC_WARN_UNUSED_VARIABLE = YES;
				LOCALIZATION_PREFERS_STRING_CATALOGS = YES;
				MACOSX_DEPLOYMENT_TARGET = 26.2;
				MTL_ENABLE_DEBUG_INFO = NO;
				MTL_FAST_MATH = YES;
				SDKROOT = macosx;
				SWIFT_COMPILATION_MODE = wholemodule;
			};
			name = Release;
		};
		4363E85D2F128AA300EF1C18 /* Debug */ = {
			isa = XCBuildConfiguration;
			buildSettings = {
				ASSETCATALOG_COMPILER_APPICON_NAME = AppIcon;
				ASSETCATALOG_COMPILER_GLOBAL_ACCENT_COLOR_NAME = AccentColor;
				CODE_SIGN_STYLE = Automatic;
				COMBINE_HIDPI_IMAGES = YES;
				CURRENT_PROJECT_VERSION = 1;
				DEVELOPMENT_TEAM = 6ZSJ45TPYC;
				ENABLE_APP_SANDBOX = YES;
				ENABLE_HARDENED_RUNTIME = YES;
				ENABLE_INCOMING_NETWORK_CONNECTIONS = NO;
				ENABLE_OUTGOING_NETWORK_CONNECTIONS = YES;
				ENABLE_PREVIEWS = YES;
				ENABLE_RESOURCE_ACCESS_AUDIO_INPUT = NO;
				ENABLE_RESOURCE_ACCESS_BLUETOOTH = NO;
				ENABLE_RESOURCE_ACCESS_CALENDARS = NO;
				ENABLE_RESOURCE_ACCESS_CAMERA = NO;
				ENABLE_RESOURCE_ACCESS_CONTACTS = NO;
				ENABLE_RESOURCE_ACCESS_LOCATION = NO;
				ENABLE_RESOURCE_ACCESS_PRINTING = NO;
				ENABLE_RESOURCE_ACCESS_USB = NO;
				ENABLE_USER_SELECTED_FILES = readwrite;
				GENERATE_INFOPLIST_FILE = YES;
				INFOPLIST_KEY_NSHumanReadableCopyright = "";
				LD_RUNPATH_SEARCH_PATHS = (
					"$(inherited)",
					"@executable_path/../Frameworks",
				);
				MARKETING_VERSION = 1.0;
				PRODUCT_BUNDLE_IDENTIFIER = freshbits.HelpBooks;
				PRODUCT_NAME = "$(TARGET_NAME)";
				REGISTER_APP_GROUPS = YES;
				STRING_CATALOG_GENERATE_SYMBOLS = YES;
				SWIFT_APPROACHABLE_CONCURRENCY = YES;
				SWIFT_DEFAULT_ACTOR_ISOLATION = MainActor;
				SWIFT_EMIT_LOC_STRINGS = YES;
				SWIFT_UPCOMING_FEATURE_MEMBER_IMPORT_VISIBILITY = YES;
				SWIFT_VERSION = 5.0;
			};
			name = Debug;
		};
		4363E85E2F128AA300EF1C18 /* Release */ = {
			isa = XCBuildConfiguration;
			buildSettings = {
				ASSETCATALOG_COMPILER_APPICON_NAME = AppIcon;
				ASSETCATALOG_COMPILER_GLOBAL_ACCENT_COLOR_NAME = AccentColor;
				CODE_SIGN_STYLE = Automatic;
				COMBINE_HIDPI_IMAGES = YES;
				CURRENT_PROJECT_VERSION = 1;
				DEVELOPMENT_TEAM = 6ZSJ45TPYC;
				ENABLE_APP_SANDBOX = YES;
				ENABLE_HARDENED_RUNTIME = YES;
				ENABLE_INCOMING_NETWORK_CONNECTIONS = NO;
				ENABLE_OUTGOING_NETWORK_CONNECTIONS = YES;
				ENABLE_PREVIEWS = YES;
				ENABLE_RESOURCE_ACCESS_AUDIO_INPUT = NO;
				ENABLE_RESOURCE_ACCESS_BLUETOOTH = NO;
				ENABLE_RESOURCE_ACCESS_CALENDARS = NO;
				ENABLE_RESOURCE_ACCESS_CAMERA = NO;
				ENABLE_RESOURCE_ACCESS_CONTACTS = NO;
				ENABLE_RESOURCE_ACCESS_LOCATION = NO;
				ENABLE_RESOURCE_ACCESS_PRINTING = NO;
				ENABLE_RESOURCE_ACCESS_USB = NO;
				ENABLE_USER_SELECTED_FILES = readwrite;
				GENERATE_INFOPLIST_FILE = YES;
				INFOPLIST_KEY_NSHumanReadableCopyright = "";
				LD_RUNPATH_SEARCH_PATHS = (
					"$(inherited)",
					"@executable_path/../Frameworks",
				);
				MARKETING_VERSION = 1.0;
				PRODUCT_BUNDLE_IDENTIFIER = freshbits.HelpBooks;
				PRODUCT_NAME = "$(TARGET_NAME)";
				REGISTER_APP_GROUPS = YES;
				STRING_CATALOG_GENERATE_SYMBOLS = YES;
				SWIFT_APPROACHABLE_CONCURRENCY = YES;
				SWIFT_DEFAULT_ACTOR_ISOLATION = MainActor;
				SWIFT_EMIT_LOC_STRINGS = YES;
				SWIFT_UPCOMING_FEATURE_MEMBER_IMPORT_VISIBILITY = YES;
				SWIFT_VERSION = 5.0;
			};
			name = Release;
		};
		4363E9552F13089500EF1C18 /* Debug */ = {
			isa = XCBuildConfiguration;
			buildSettings = {
				CODE_SIGN_STYLE = Automatic;
				DEVELOPMENT_TEAM = 6ZSJ45TPYC;
				ENABLE_HARDENED_RUNTIME = YES;
				MACOSX_DEPLOYMENT_TARGET = 14.6;
				PRODUCT_NAME = helpbooks;
				SWIFT_APPROACHABLE_CONCURRENCY = YES;
				SWIFT_UPCOMING_FEATURE_MEMBER_IMPORT_VISIBILITY = YES;
				SWIFT_VERSION = 5.0;
			};
			name = Debug;
		};
		4363E9562F13089500EF1C18 /* Release */ = {
			isa = XCBuildConfiguration;
			buildSettings = {
				CODE_SIGN_STYLE = Automatic;
				DEVELOPMENT_TEAM = 6ZSJ45TPYC;
				ENABLE_HARDENED_RUNTIME = YES;
				MACOSX_DEPLOYMENT_TARGET = 14.6;
				PRODUCT_NAME = helpbooks;
				SWIFT_APPROACHABLE_CONCURRENCY = YES;
				SWIFT_UPCOMING_FEATURE_MEMBER_IMPORT_VISIBILITY = YES;
				SWIFT_VERSION = 5.0;
			};
			name = Release;
		};
/* End XCBuildConfiguration section */

/* Begin XCConfigurationList section */
		4363E84C2F128AA200EF1C18 /* Build configuration list for PBXProject "HelpBooks" */ = {
			isa = XCConfigurationList;
			buildConfigurations = (
				4363E85A2F128AA300EF1C18 /* Debug */,
				4363E85B2F128AA300EF1C18 /* Release */,
			);
			defaultConfigurationIsVisible = 0;
			defaultConfigurationName = Release;
		};
		4363E85C2F128AA300EF1C18 /* Build configuration list for PBXNativeTarget "HelpBooks" */ = {
			isa = XCConfigurationList;
			buildConfigurations = (
				4363E85D2F128AA300EF1C18 /* Debug */,
				4363E85E2F128AA300EF1C18 /* Release */,
			);
			defaultConfigurationIsVisible = 0;
			defaultConfigurationName = Release;
		};
		4363E9542F13089500EF1C18 /* Build configuration list for PBXNativeTarget "HelpBooksCLI" */ = {
			isa = XCConfigurationList;
			buildConfigurations = (
				4363E9552F13089500EF1C18 /* Debug */,
				4363E9562F13089500EF1C18 /* Release */,
			);
			defaultConfigurationIsVisible = 0;
			defaultConfigurationName = Release;
		};
/* End XCConfigurationList section */

/* Begin XCRemoteSwiftPackageReference section */
		4363E8D72F128B0400EF1C18 /* XCRemoteSwiftPackageReference "Down" */ = {
			isa = XCRemoteSwiftPackageReference;
			repositoryURL = "https://github.com/johnxnguyen/Down";
			requirement = {
				branch = master;
				kind = branch;
			};
		};
		4363E8DA2F128B1600EF1C18 /* XCRemoteSwiftPackageReference "Yams" */ = {
			isa = XCRemoteSwiftPackageReference;
			repositoryURL = "https://github.com/jpsim/Yams";
			requirement = {
				kind = upToNextMajorVersion;
				minimumVersion = 6.2.0;
			};
		};
		4363E8DD2F128B2700EF1C18 /* XCRemoteSwiftPackageReference "SwiftSoup" */ = {
			isa = XCRemoteSwiftPackageReference;
			repositoryURL = "https://github.com/scinfu/SwiftSoup";
			requirement = {
				kind = upToNextMajorVersion;
				minimumVersion = 2.11.3;
			};
		};
/* End XCRemoteSwiftPackageReference section */

/* Begin XCSwiftPackageProductDependency section */
		4363E8D82F128B0400EF1C18 /* Down */ = {
			isa = XCSwiftPackageProductDependency;
			package = 4363E8D72F128B0400EF1C18 /* XCRemoteSwiftPackageReference "Down" */;
			productName = Down;
		};
		4363E8DB2F128B1600EF1C18 /* Yams */ = {
			isa = XCSwiftPackageProductDependency;
			package = 4363E8DA2F128B1600EF1C18 /* XCRemoteSwiftPackageReference "Yams" */;
			productName = Yams;
		};
		4363E8DE2F128B2700EF1C18 /* SwiftSoup */ = {
			isa = XCSwiftPackageProductDependency;
			package = 4363E8DD2F128B2700EF1C18 /* XCRemoteSwiftPackageReference "SwiftSoup" */;
			productName = SwiftSoup;
		};
		4363E96F2F13090D00EF1C18 /* Down */ = {
			isa = XCSwiftPackageProductDependency;
			package = 4363E8D72F128B0400EF1C18 /* XCRemoteSwiftPackageReference "Down" */;
			productName = Down;
		};
		4363E9712F13090D00EF1C18 /* Yams */ = {
			isa = XCSwiftPackageProductDependency;
			package = 4363E8DA2F128B1600EF1C18 /* XCRemoteSwiftPackageReference "Yams" */;
			productName = Yams;
		};
		4363E9732F13090D00EF1C18 /* SwiftSoup */ = {
			isa = XCSwiftPackageProductDependency;
			package = 4363E8DD2F128B2700EF1C18 /* XCRemoteSwiftPackageReference "SwiftSoup" */;
			productName = SwiftSoup;
		};
/* End XCSwiftPackageProductDependency section */
	};
	rootObject = 4363E8492F128AA200EF1C18 /* Project object */;
}
